
Microsoft Visual Studio Solution File, Format Version 12.00
# Visual Studio Version 17
VisualStudioVersion = 17.0.31919.166
MinimumVisualStudioVersion = 10.0.40219.1
Project("{2150E333-8FDC-42A3-9474-1A3956D46DE8}") = "Solution Items", "Solution Items", "{4158332A-4262-4AE1-A602-167D07CD5E74}"
	ProjectSection(SolutionItems) = preProject
		license.txt = license.txt
	EndProjectSection
EndProject
Project("{9A19103F-16F7-4668-BE54-9A1E7A4F7556}") = "Data", "Data\Data.csproj", "{554E8EB9-BFCF-401C-9614-15A5E7DA5BD9}"
EndProject
Project("{9A19103F-16F7-4668-BE54-9A1E7A4F7556}") = "PathFindingAlgorithms", "PathFinding\PathFindingAlgorithms.csproj", "{9C17B7BC-D979-423F-9CE6-3081E597F1FC}"
EndProject
Project("{9A19103F-16F7-4668-BE54-9A1E7A4F7556}") = "MapGenerator", "MapGenerator\ClassLibrary1\MapGenerator.csproj", "{80A4712D-815A-44BF-935F-7C2CB8D19A48}"
EndProject
Project("{9A19103F-16F7-4668-BE54-9A1E7A4F7556}") = "CollisionDetection", "CollisionDetection\CollisionDetection.csproj", "{4B20CC9F-4AF5-4295-93F6-E882E5968979}"
EndProject
Project("{9A19103F-16F7-4668-BE54-9A1E7A4F7556}") = "MotionCalculator", "MotionCalculator\MotionCalculator.csproj", "{6ADD1D3F-EFDC-48C5-9A00-3E3C921CE9EE}"
EndProject
Project("{9A19103F-16F7-4668-BE54-9A1E7A4F7556}") = "PathFindingVisualiser", "PathFindingVisualiser\PathFindingVisualiser.csproj", "{1DE385E9-E204-4AD4-BDA0-3589CD6AC6D5}"
EndProject
Global
	GlobalSection(SolutionConfigurationPlatforms) = preSolution
		Debug|x64 = Debug|x64
		Release|x64 = Release|x64
	EndGlobalSection
	GlobalSection(ProjectConfigurationPlatforms) = postSolution
		{554E8EB9-BFCF-401C-9614-15A5E7DA5BD9}.Debug|x64.ActiveCfg = Debug|x64
		{554E8EB9-BFCF-401C-9614-15A5E7DA5BD9}.Debug|x64.Build.0 = Debug|x64
		{554E8EB9-BFCF-401C-9614-15A5E7DA5BD9}.Release|x64.ActiveCfg = Release|x64
		{554E8EB9-BFCF-401C-9614-15A5E7DA5BD9}.Release|x64.Build.0 = Release|x64
		{9C17B7BC-D979-423F-9CE6-3081E597F1FC}.Debug|x64.ActiveCfg = Debug|x64
		{9C17B7BC-D979-423F-9CE6-3081E597F1FC}.Debug|x64.Build.0 = Debug|x64
		{9C17B7BC-D979-423F-9CE6-3081E597F1FC}.Release|x64.ActiveCfg = Release|x64
		{9C17B7BC-D979-423F-9CE6-3081E597F1FC}.Release|x64.Build.0 = Release|x64
		{80A4712D-815A-44BF-935F-7C2CB8D19A48}.Debug|x64.ActiveCfg = Debug|Any CPU
		{80A4712D-815A-44BF-935F-7C2CB8D19A48}.Debug|x64.Build.0 = Debug|Any CPU
		{80A4712D-815A-44BF-935F-7C2CB8D19A48}.Release|x64.ActiveCfg = Release|Any CPU
		{80A4712D-815A-44BF-935F-7C2CB8D19A48}.Release|x64.Build.0 = Release|Any CPU
		{4B20CC9F-4AF5-4295-93F6-E882E5968979}.Debug|x64.ActiveCfg = Debug|Any CPU
		{4B20CC9F-4AF5-4295-93F6-E882E5968979}.Debug|x64.Build.0 = Debug|Any CPU
		{4B20CC9F-4AF5-4295-93F6-E882E5968979}.Release|x64.ActiveCfg = Release|Any CPU
		{4B20CC9F-4AF5-4295-93F6-E882E5968979}.Release|x64.Build.0 = Release|Any CPU
		{6ADD1D3F-EFDC-48C5-9A00-3E3C921CE9EE}.Debug|x64.ActiveCfg = Debug|Any CPU
		{6ADD1D3F-EFDC-48C5-9A00-3E3C921CE9EE}.Debug|x64.Build.0 = Debug|Any CPU
		{6ADD1D3F-EFDC-48C5-9A00-3E3C921CE9EE}.Release|x64.ActiveCfg = Release|Any CPU
		{6ADD1D3F-EFDC-48C5-9A00-3E3C921CE9EE}.Release|x64.Build.0 = Release|Any CPU
		{1DE385E9-E204-4AD4-BDA0-3589CD6AC6D5}.Debug|x64.ActiveCfg = Debug|x64
		{1DE385E9-E204-4AD4-BDA0-3589CD6AC6D5}.Debug|x64.Build.0 = Debug|x64
		{1DE385E9-E204-4AD4-BDA0-3589CD6AC6D5}.Release|x64.ActiveCfg = Release|x64
		{1DE385E9-E204-4AD4-BDA0-3589CD6AC6D5}.Release|x64.Build.0 = Release|x64
	EndGlobalSection
	GlobalSection(SolutionProperties) = preSolution
		HideSolutionNode = FALSE
	EndGlobalSection
	GlobalSection(ExtensibilityGlobals) = postSolution
		SolutionGuid = {A8C4D061-9FA7-4D63-8A62-61C03E0A463F}
	EndGlobalSection
EndGlobal
