
Microsoft Visual Studio Solution File, Format Version 12.00
# Visual Studio Version 16
VisualStudioVersion = 16.0.29926.136
MinimumVisualStudioVersion = 10.0.40219.1
Project("{9A19103F-16F7-4668-BE54-9A1E7A4F7556}") = "BL", "BL\BL.csproj", "{2C438F58-CADC-49F9-B313-632448C1F126}"
EndProject
Project("{9A19103F-16F7-4668-BE54-9A1E7A4F7556}") = "Data", "Data\Data.csproj", "{F2E45A9A-D52B-4FC9-AB82-5024EE829A17}"
EndProject
Project("{9A19103F-16F7-4668-BE54-9A1E7A4F7556}") = "DUI", "DUI\DUI.csproj", "{6973F654-0E5B-4B5D-B53C-DBAC4AEBCE04}"
EndProject
Project("{9A19103F-16F7-4668-BE54-9A1E7A4F7556}") = "TestProject", "TestProject\TestProject.csproj", "{1E4C1068-A31F-487A-B5E4-86AC229FFBED}"
EndProject
Global
	GlobalSection(SolutionConfigurationPlatforms) = preSolution
		Debug|x64 = Debug|x64
		Release|x64 = Release|x64
	EndGlobalSection
	GlobalSection(ProjectConfigurationPlatforms) = postSolution
		{2C438F58-CADC-49F9-B313-632448C1F126}.Debug|x64.ActiveCfg = Debug|x64
		{2C438F58-CADC-49F9-B313-632448C1F126}.Debug|x64.Build.0 = Debug|x64
		{2C438F58-CADC-49F9-B313-632448C1F126}.Release|x64.ActiveCfg = Release|x64
		{2C438F58-CADC-49F9-B313-632448C1F126}.Release|x64.Build.0 = Release|x64
		{F2E45A9A-D52B-4FC9-AB82-5024EE829A17}.Debug|x64.ActiveCfg = Debug|x64
		{F2E45A9A-D52B-4FC9-AB82-5024EE829A17}.Debug|x64.Build.0 = Debug|x64
		{F2E45A9A-D52B-4FC9-AB82-5024EE829A17}.Release|x64.ActiveCfg = Release|x64
		{F2E45A9A-D52B-4FC9-AB82-5024EE829A17}.Release|x64.Build.0 = Release|x64
		{6973F654-0E5B-4B5D-B53C-DBAC4AEBCE04}.Debug|x64.ActiveCfg = Debug|x64
		{6973F654-0E5B-4B5D-B53C-DBAC4AEBCE04}.Debug|x64.Build.0 = Debug|x64
		{6973F654-0E5B-4B5D-B53C-DBAC4AEBCE04}.Release|x64.ActiveCfg = Release|x64
		{6973F654-0E5B-4B5D-B53C-DBAC4AEBCE04}.Release|x64.Build.0 = Release|x64
		{1E4C1068-A31F-487A-B5E4-86AC229FFBED}.Debug|x64.ActiveCfg = Debug|x64
		{1E4C1068-A31F-487A-B5E4-86AC229FFBED}.Release|x64.ActiveCfg = Release|x64
	EndGlobalSection
	GlobalSection(SolutionProperties) = preSolution
		HideSolutionNode = FALSE
	EndGlobalSection
	GlobalSection(ExtensibilityGlobals) = postSolution
		SolutionGuid = {A8C4D061-9FA7-4D63-8A62-61C03E0A463F}
	EndGlobalSection
EndGlobal
