<?xml version="1.0" encoding="utf-8"?>
<Project ToolsVersion="4.0" xmlns="http://schemas.microsoft.com/developer/msbuild/2003">
  <ItemGroup>
    <Filter Include="Interface">
      <UniqueIdentifier>{99f8fd5a-e6f9-4655-907e-fa2e669917ba}</UniqueIdentifier>
    </Filter>
    <Filter Include="Data">
      <UniqueIdentifier>{39b36194-8180-43cd-9d60-d17796a22114}</UniqueIdentifier>
    </Filter>
    <Filter Include="Resource">
      <UniqueIdentifier>{cf2ef415-1abc-403d-97bd-508c18750c49}</UniqueIdentifier>
    </Filter>
  </ItemGroup>
  <ItemGroup>
    <ClInclude Include="Data\SpatialNode.h">
      <Filter>Data</Filter>
    </ClInclude>
    <ClInclude Include="Interface\IRrtAlgorithm.h">
      <Filter>Interface</Filter>
    </ClInclude>
    <ClInclude Include="Interface\ISpatialDataStructure.h">
      <Filter>Interface</Filter>
    </ClInclude>
    <ClInclude Include="Data\SpatialPoint.h">
      <Filter>Data</Filter>
    </ClInclude>
    <ClInclude Include="Enum\eRrtAlgorithm.h" />
    <ClInclude Include="Enum\eSearchedArea.h" />
    <ClInclude Include="ExportMacro.h" />
    <ClInclude Include="Data\SpatialNodeMap.h" />
  </ItemGroup>
  <ItemGroup>
    <ClCompile Include="Data\SpatialNode.cpp">
      <Filter>Resource</Filter>
    </ClCompile>
    <ClCompile Include="Data\SpatialNodeMap.cpp" />
  </ItemGroup>
</Project>