
Microsoft Visual Studio Solution File, Format Version 12.00
# Visual Studio Version 17
VisualStudioVersion = 17.0.31919.166
MinimumVisualStudioVersion = 10.0.40219.1
Project("{2150E333-8FDC-42A3-9474-1A3956D46DE8}") = "Solution Items", "Solution Items", "{4158332A-4262-4AE1-A602-167D07CD5E74}"
	ProjectSection(SolutionItems) = preProject
		license.txt = license.txt
	EndProjectSection
EndProject
Project("{FAE04EC0-301F-11D3-BF4B-00C04F79EFBC}") = "PathFindingAlgorithms", "PathFindingAlgorithms\PathFindingAlgorithms.csproj", "{1498D401-431C-4ACA-9B82-CAECE34A16E4}"
EndProject
Project("{FAE04EC0-301F-11D3-BF4B-00C04F79EFBC}") = "CollisionDetection", "CollisionDetection\CollisionDetection.csproj", "{174EEA79-A50B-410F-BDF9-41DE712408E7}"
EndProject
Project("{FAE04EC0-301F-11D3-BF4B-00C04F79EFBC}") = "Data", "Data\Data.csproj", "{69817B68-09E8-4B3E-9928-384E8C4FD523}"
EndProject
Project("{FAE04EC0-301F-11D3-BF4B-00C04F79EFBC}") = "MapGenerator", "MapGenerator\MapGenerator.csproj", "{23693452-5E6F-42E1-A8F7-9A45BA33DF03}"
EndProject
Project("{FAE04EC0-301F-11D3-BF4B-00C04F79EFBC}") = "MotionCalculator", "MotionCalculator\MotionCalculator.csproj", "{DB372132-4FA4-4FCB-973E-5D86E6428256}"
EndProject
Project("{FAE04EC0-301F-11D3-BF4B-00C04F79EFBC}") = "PathFindingSimulator.wpf", "PathFindingSimulator.Wpf\PathFindingSimulator.wpf.csproj", "{BB29106D-7DD8-42BE-89F6-BB815B6F4C6D}"
EndProject
Project("{FAE04EC0-301F-11D3-BF4B-00C04F79EFBC}") = "PathFindingSimulator.Web.Server", "PathFindingSimulator.Web\PathFindingSimulator.Web.Server\PathFindingSimulator.Web.Server.csproj", "{9D191616-131C-4BAE-ADC8-233770CCBE2E}"
EndProject
Project("{54A90642-561A-4BB1-A94E-469ADEE60C69}") = "pathfindingsimulator.web.client", "PathFindingSimulator.Web\pathfindingsimulator.web.client\pathfindingsimulator.web.client.esproj", "{8B0F6CD4-8220-46E3-8867-A3182723974F}"
EndProject
Project("{FAE04EC0-301F-11D3-BF4B-00C04F79EFBC}") = "PathFindingSimulator", "Simulator\PathFindingSimulator.csproj", "{50A1F67D-0792-44C7-AF4F-ACF6DB9942F0}"
EndProject
Project("{FAE04EC0-301F-11D3-BF4B-00C04F79EFBC}") = "Communication", "Communication\Communication.csproj", "{E32930D9-02ED-4559-9EE3-5EA58C3C4DA4}"
EndProject
Project("{FAE04EC0-301F-11D3-BF4B-00C04F79EFBC}") = "Logging", "Logging\Logging.csproj", "{AD568A7D-288F-4FE1-9367-8988F14FA88C}"
EndProject
Global
	GlobalSection(SolutionConfigurationPlatforms) = preSolution
		Debug|x64 = Debug|x64
		Release|x64 = Release|x64
	EndGlobalSection
	GlobalSection(ProjectConfigurationPlatforms) = postSolution
		{1498D401-431C-4ACA-9B82-CAECE34A16E4}.Debug|x64.ActiveCfg = Debug|x64
		{1498D401-431C-4ACA-9B82-CAECE34A16E4}.Debug|x64.Build.0 = Debug|x64
		{1498D401-431C-4ACA-9B82-CAECE34A16E4}.Release|x64.ActiveCfg = Release|x64
		{1498D401-431C-4ACA-9B82-CAECE34A16E4}.Release|x64.Build.0 = Release|x64
		{174EEA79-A50B-410F-BDF9-41DE712408E7}.Debug|x64.ActiveCfg = Debug|x64
		{174EEA79-A50B-410F-BDF9-41DE712408E7}.Debug|x64.Build.0 = Debug|x64
		{174EEA79-A50B-410F-BDF9-41DE712408E7}.Release|x64.ActiveCfg = Release|x64
		{174EEA79-A50B-410F-BDF9-41DE712408E7}.Release|x64.Build.0 = Release|x64
		{69817B68-09E8-4B3E-9928-384E8C4FD523}.Debug|x64.ActiveCfg = Debug|x64
		{69817B68-09E8-4B3E-9928-384E8C4FD523}.Debug|x64.Build.0 = Debug|x64
		{69817B68-09E8-4B3E-9928-384E8C4FD523}.Release|x64.ActiveCfg = Release|x64
		{69817B68-09E8-4B3E-9928-384E8C4FD523}.Release|x64.Build.0 = Release|x64
		{23693452-5E6F-42E1-A8F7-9A45BA33DF03}.Debug|x64.ActiveCfg = Debug|x64
		{23693452-5E6F-42E1-A8F7-9A45BA33DF03}.Debug|x64.Build.0 = Debug|x64
		{23693452-5E6F-42E1-A8F7-9A45BA33DF03}.Release|x64.ActiveCfg = Release|x64
		{23693452-5E6F-42E1-A8F7-9A45BA33DF03}.Release|x64.Build.0 = Release|x64
		{DB372132-4FA4-4FCB-973E-5D86E6428256}.Debug|x64.ActiveCfg = Debug|x64
		{DB372132-4FA4-4FCB-973E-5D86E6428256}.Debug|x64.Build.0 = Debug|x64
		{DB372132-4FA4-4FCB-973E-5D86E6428256}.Release|x64.ActiveCfg = Release|x64
		{DB372132-4FA4-4FCB-973E-5D86E6428256}.Release|x64.Build.0 = Release|x64
		{BB29106D-7DD8-42BE-89F6-BB815B6F4C6D}.Debug|x64.ActiveCfg = Debug|x64
		{BB29106D-7DD8-42BE-89F6-BB815B6F4C6D}.Debug|x64.Build.0 = Debug|x64
		{BB29106D-7DD8-42BE-89F6-BB815B6F4C6D}.Release|x64.ActiveCfg = Release|x64
		{BB29106D-7DD8-42BE-89F6-BB815B6F4C6D}.Release|x64.Build.0 = Release|x64
		{9D191616-131C-4BAE-ADC8-233770CCBE2E}.Debug|x64.ActiveCfg = Debug|x64
		{9D191616-131C-4BAE-ADC8-233770CCBE2E}.Release|x64.ActiveCfg = Release|x64
		{8B0F6CD4-8220-46E3-8867-A3182723974F}.Debug|x64.ActiveCfg = Debug|x64
		{8B0F6CD4-8220-46E3-8867-A3182723974F}.Release|x64.ActiveCfg = Release|x64
		{8B0F6CD4-8220-46E3-8867-A3182723974F}.Release|x64.Deploy.0 = Release|x64
		{50A1F67D-0792-44C7-AF4F-ACF6DB9942F0}.Debug|x64.ActiveCfg = Debug|Any CPU
		{50A1F67D-0792-44C7-AF4F-ACF6DB9942F0}.Debug|x64.Build.0 = Debug|Any CPU
		{50A1F67D-0792-44C7-AF4F-ACF6DB9942F0}.Release|x64.ActiveCfg = Release|Any CPU
		{50A1F67D-0792-44C7-AF4F-ACF6DB9942F0}.Release|x64.Build.0 = Release|Any CPU
		{E32930D9-02ED-4559-9EE3-5EA58C3C4DA4}.Debug|x64.ActiveCfg = Debug|x64
		{E32930D9-02ED-4559-9EE3-5EA58C3C4DA4}.Debug|x64.Build.0 = Debug|x64
		{E32930D9-02ED-4559-9EE3-5EA58C3C4DA4}.Release|x64.ActiveCfg = Release|x64
		{E32930D9-02ED-4559-9EE3-5EA58C3C4DA4}.Release|x64.Build.0 = Release|x64
		{AD568A7D-288F-4FE1-9367-8988F14FA88C}.Debug|x64.ActiveCfg = Debug|x64
		{AD568A7D-288F-4FE1-9367-8988F14FA88C}.Debug|x64.Build.0 = Debug|x64
		{AD568A7D-288F-4FE1-9367-8988F14FA88C}.Release|x64.ActiveCfg = Release|x64
		{AD568A7D-288F-4FE1-9367-8988F14FA88C}.Release|x64.Build.0 = Release|x64
	EndGlobalSection
	GlobalSection(SolutionProperties) = preSolution
		HideSolutionNode = FALSE
	EndGlobalSection
	GlobalSection(ExtensibilityGlobals) = postSolution
		SolutionGuid = {A8C4D061-9FA7-4D63-8A62-61C03E0A463F}
	EndGlobalSection
EndGlobal
